
Microsoft Visual Studio Solution File, Format Version 12.00
# Visual Studio Version 17
VisualStudioVersion = 17.11.35312.102
MinimumVisualStudioVersion = 10.0.40219.1
Project("{FAE04EC0-301F-11D3-BF4B-00C04F79EFBC}") = "ATMClassLibrary", "ATMClassLibrary\ATMClassLibrary\ATMClassLibrary.csproj", "{9BAE160F-9101-4A0D-A0EF-FA7B51EBB9CF}"
EndProject
Project("{FAE04EC0-301F-11D3-BF4B-00C04F79EFBC}") = "ATMConsoleApp", "ATMConsoleApp\ATMConsoleApp\ATMConsoleApp.csproj", "{E8D1F630-9F3D-4E7C-9DE9-4F1F041F897C}"
EndProject
Project("{FAE04EC0-301F-11D3-BF4B-00C04F79EFBC}") = "ATMWindowsApp", "ATMWindowsApp\ATMWindowsApp\ATMWindowsApp.csproj", "{CE0B4CDB-0A58-4DD5-8A31-F5A5425E8212}"
EndProject
Global
	GlobalSection(SolutionConfigurationPlatforms) = preSolution
		Debug|Any CPU = Debug|Any CPU
		Release|Any CPU = Release|Any CPU
	EndGlobalSection
	GlobalSection(ProjectConfigurationPlatforms) = postSolution
		{9BAE160F-9101-4A0D-A0EF-FA7B51EBB9CF}.Debug|Any CPU.ActiveCfg = Debug|Any CPU
		{9BAE160F-9101-4A0D-A0EF-FA7B51EBB9CF}.Debug|Any CPU.Build.0 = Debug|Any CPU
		{9BAE160F-9101-4A0D-A0EF-FA7B51EBB9CF}.Release|Any CPU.ActiveCfg = Release|Any CPU
		{9BAE160F-9101-4A0D-A0EF-FA7B51EBB9CF}.Release|Any CPU.Build.0 = Release|Any CPU
		{E8D1F630-9F3D-4E7C-9DE9-4F1F041F897C}.Debug|Any CPU.ActiveCfg = Debug|Any CPU
		{E8D1F630-9F3D-4E7C-9DE9-4F1F041F897C}.Debug|Any CPU.Build.0 = Debug|Any CPU
		{E8D1F630-9F3D-4E7C-9DE9-4F1F041F897C}.Release|Any CPU.ActiveCfg = Release|Any CPU
		{E8D1F630-9F3D-4E7C-9DE9-4F1F041F897C}.Release|Any CPU.Build.0 = Release|Any CPU
		{CE0B4CDB-0A58-4DD5-8A31-F5A5425E8212}.Debug|Any CPU.ActiveCfg = Debug|Any CPU
		{CE0B4CDB-0A58-4DD5-8A31-F5A5425E8212}.Debug|Any CPU.Build.0 = Debug|Any CPU
		{CE0B4CDB-0A58-4DD5-8A31-F5A5425E8212}.Release|Any CPU.ActiveCfg = Release|Any CPU
		{CE0B4CDB-0A58-4DD5-8A31-F5A5425E8212}.Release|Any CPU.Build.0 = Release|Any CPU
	EndGlobalSection
	GlobalSection(SolutionProperties) = preSolution
		HideSolutionNode = FALSE
	EndGlobalSection
	GlobalSection(ExtensibilityGlobals) = postSolution
		SolutionGuid = {90B0A069-9EDF-4D96-9517-ADD7066F4416}
	EndGlobalSection
EndGlobal
